
Microsoft Visual Studio Solution File, Format Version 12.00
# Visual Studio Version 16
VisualStudioVersion = 16.0.31105.61
MinimumVisualStudioVersion = 10.0.40219.1
Project("{FAE04EC0-301F-11D3-BF4B-00C04F79EFBC}") = "SaveDataToFile", "SaveDataToFile\SaveDataToFile.csproj", "{A70888C9-FB9D-445C-B9C6-1AC65578E9DC}"
EndProject
Project("{FAE04EC0-301F-11D3-BF4B-00C04F79EFBC}") = "StartupTxt", "StartupTxt\StartupTxt.csproj", "{AE9C792F-68BC-4973-856D-A41549AB2CF8}"
EndProject
Project("{FAE04EC0-301F-11D3-BF4B-00C04F79EFBC}") = "BinaryFile", "BinaryFile\BinaryFile.csproj", "{1B3DA95A-8A27-4EE4-AE23-409AACF0E18B}"
EndProject
Global
	GlobalSection(SolutionConfigurationPlatforms) = preSolution
		Debug|Any CPU = Debug|Any CPU
		Release|Any CPU = Release|Any CPU
	EndGlobalSection
	GlobalSection(ProjectConfigurationPlatforms) = postSolution
		{A70888C9-FB9D-445C-B9C6-1AC65578E9DC}.Debug|Any CPU.ActiveCfg = Debug|Any CPU
		{A70888C9-FB9D-445C-B9C6-1AC65578E9DC}.Debug|Any CPU.Build.0 = Debug|Any CPU
		{A70888C9-FB9D-445C-B9C6-1AC65578E9DC}.Release|Any CPU.ActiveCfg = Release|Any CPU
		{A70888C9-FB9D-445C-B9C6-1AC65578E9DC}.Release|Any CPU.Build.0 = Release|Any CPU
		{AE9C792F-68BC-4973-856D-A41549AB2CF8}.Debug|Any CPU.ActiveCfg = Debug|Any CPU
		{AE9C792F-68BC-4973-856D-A41549AB2CF8}.Debug|Any CPU.Build.0 = Debug|Any CPU
		{AE9C792F-68BC-4973-856D-A41549AB2CF8}.Release|Any CPU.ActiveCfg = Release|Any CPU
		{AE9C792F-68BC-4973-856D-A41549AB2CF8}.Release|Any CPU.Build.0 = Release|Any CPU
		{1B3DA95A-8A27-4EE4-AE23-409AACF0E18B}.Debug|Any CPU.ActiveCfg = Debug|Any CPU
		{1B3DA95A-8A27-4EE4-AE23-409AACF0E18B}.Debug|Any CPU.Build.0 = Debug|Any CPU
		{1B3DA95A-8A27-4EE4-AE23-409AACF0E18B}.Release|Any CPU.ActiveCfg = Release|Any CPU
		{1B3DA95A-8A27-4EE4-AE23-409AACF0E18B}.Release|Any CPU.Build.0 = Release|Any CPU
	EndGlobalSection
	GlobalSection(SolutionProperties) = preSolution
		HideSolutionNode = FALSE
	EndGlobalSection
	GlobalSection(ExtensibilityGlobals) = postSolution
		SolutionGuid = {24514096-13C4-4AFC-8B93-0A0679F95C0D}
	EndGlobalSection
EndGlobal
