
Microsoft Visual Studio Solution File, Format Version 12.00
# Visual Studio Version 16
VisualStudioVersion = 16.0.31005.135
MinimumVisualStudioVersion = 10.0.40219.1
Project("{9A19103F-16F7-4668-BE54-9A1E7A4F7556}") = "lesson_1", "lesson_1\lesson_1.csproj", "{F7F6B34B-FD66-4C24-8306-13887199F61A}"
EndProject
Project("{9A19103F-16F7-4668-BE54-9A1E7A4F7556}") = "Max_Min_Temperature", "Max_Min_Temperature\Max_Min_Temperature.csproj", "{6BFE84B0-31E8-4C55-AC89-1CB1A5D91E4F}"
EndProject
Project("{FAE04EC0-301F-11D3-BF4B-00C04F79EFBC}") = "CurrentMonth", "CurrentMonth\CurrentMonth.csproj", "{28CCFE53-46A4-4E95-A604-A6942BDB721B}"
EndProject
Project("{FAE04EC0-301F-11D3-BF4B-00C04F79EFBC}") = "EvenNumber", "EvenNumber\EvenNumber.csproj", "{3209AA41-8FBE-433E-8656-620BF8C6CCC1}"
EndProject
Global
	GlobalSection(SolutionConfigurationPlatforms) = preSolution
		Debug|Any CPU = Debug|Any CPU
		Release|Any CPU = Release|Any CPU
	EndGlobalSection
	GlobalSection(ProjectConfigurationPlatforms) = postSolution
		{F7F6B34B-FD66-4C24-8306-13887199F61A}.Debug|Any CPU.ActiveCfg = Debug|Any CPU
		{F7F6B34B-FD66-4C24-8306-13887199F61A}.Debug|Any CPU.Build.0 = Debug|Any CPU
		{F7F6B34B-FD66-4C24-8306-13887199F61A}.Release|Any CPU.ActiveCfg = Release|Any CPU
		{F7F6B34B-FD66-4C24-8306-13887199F61A}.Release|Any CPU.Build.0 = Release|Any CPU
		{6BFE84B0-31E8-4C55-AC89-1CB1A5D91E4F}.Debug|Any CPU.ActiveCfg = Debug|Any CPU
		{6BFE84B0-31E8-4C55-AC89-1CB1A5D91E4F}.Debug|Any CPU.Build.0 = Debug|Any CPU
		{6BFE84B0-31E8-4C55-AC89-1CB1A5D91E4F}.Release|Any CPU.ActiveCfg = Release|Any CPU
		{6BFE84B0-31E8-4C55-AC89-1CB1A5D91E4F}.Release|Any CPU.Build.0 = Release|Any CPU
		{28CCFE53-46A4-4E95-A604-A6942BDB721B}.Debug|Any CPU.ActiveCfg = Debug|Any CPU
		{28CCFE53-46A4-4E95-A604-A6942BDB721B}.Debug|Any CPU.Build.0 = Debug|Any CPU
		{28CCFE53-46A4-4E95-A604-A6942BDB721B}.Release|Any CPU.ActiveCfg = Release|Any CPU
		{28CCFE53-46A4-4E95-A604-A6942BDB721B}.Release|Any CPU.Build.0 = Release|Any CPU
		{3209AA41-8FBE-433E-8656-620BF8C6CCC1}.Debug|Any CPU.ActiveCfg = Debug|Any CPU
		{3209AA41-8FBE-433E-8656-620BF8C6CCC1}.Debug|Any CPU.Build.0 = Debug|Any CPU
		{3209AA41-8FBE-433E-8656-620BF8C6CCC1}.Release|Any CPU.ActiveCfg = Release|Any CPU
		{3209AA41-8FBE-433E-8656-620BF8C6CCC1}.Release|Any CPU.Build.0 = Release|Any CPU
	EndGlobalSection
	GlobalSection(SolutionProperties) = preSolution
		HideSolutionNode = FALSE
	EndGlobalSection
	GlobalSection(ExtensibilityGlobals) = postSolution
		SolutionGuid = {4C6BDCA8-3E65-4DEC-8FB8-EEF6D5C5E55E}
	EndGlobalSection
EndGlobal
